// !$*UTF8*$!
{
	archiveVersion = 1;
	classes = {
	};
	objectVersion = 56;
	objects = {

/* Begin PBXBuildFile section */
		FF3EF4722AE4761400D1539F /* AppDelegate.swift in Sources */ = {isa = PBXBuildFile; fileRef = FF3EF4712AE4761400D1539F /* AppDelegate.swift */; };
		FF3EF4742AE4761400D1539F /* SceneDelegate.swift in Sources */ = {isa = PBXBuildFile; fileRef = FF3EF4732AE4761400D1539F /* SceneDelegate.swift */; };
		FF3EF4762AE4761400D1539F /* ViewController.swift in Sources */ = {isa = PBXBuildFile; fileRef = FF3EF4752AE4761400D1539F /* ViewController.swift */; };
		FF3EF4792AE4761400D1539F /* Main.storyboard in Resources */ = {isa = PBXBuildFile; fileRef = FF3EF4772AE4761400D1539F /* Main.storyboard */; };
		FF3EF47C2AE4761400D1539F /* Stock_Liu.xcdatamodeld in Sources */ = {isa = PBXBuildFile; fileRef = FF3EF47A2AE4761400D1539F /* Stock_Liu.xcdatamodeld */; };
		FF3EF47E2AE4762100D1539F /* Assets.xcassets in Resources */ = {isa = PBXBuildFile; fileRef = FF3EF47D2AE4762100D1539F /* Assets.xcassets */; };
		FF3EF4812AE4762100D1539F /* LaunchScreen.storyboard in Resources */ = {isa = PBXBuildFile; fileRef = FF3EF47F2AE4762100D1539F /* LaunchScreen.storyboard */; };
		FF3EF48C2AE4762200D1539F /* Stock_LiuTests.swift in Sources */ = {isa = PBXBuildFile; fileRef = FF3EF48B2AE4762200D1539F /* Stock_LiuTests.swift */; };
		FF3EF4962AE4762200D1539F /* Stock_LiuUITests.swift in Sources */ = {isa = PBXBuildFile; fileRef = FF3EF4952AE4762200D1539F /* Stock_LiuUITests.swift */; };
		FF3EF4982AE4762200D1539F /* Stock_LiuUITestsLaunchTests.swift in Sources */ = {isa = PBXBuildFile; fileRef = FF3EF4972AE4762200D1539F /* Stock_LiuUITestsLaunchTests.swift */; };
/* End PBXBuildFile section */

/* Begin PBXContainerItemProxy section */
		FF3EF4882AE4762200D1539F /* PBXContainerItemProxy */ = {
			isa = PBXContainerItemProxy;
			containerPortal = FF3EF4662AE4761400D1539F /* Project object */;
			proxyType = 1;
			remoteGlobalIDString = FF3EF46D2AE4761400D1539F;
			remoteInfo = "Stock-Liu";
		};
		FF3EF4922AE4762200D1539F /* PBXContainerItemProxy */ = {
			isa = PBXContainerItemProxy;
			containerPortal = FF3EF4662AE4761400D1539F /* Project object */;
			proxyType = 1;
			remoteGlobalIDString = FF3EF46D2AE4761400D1539F;
			remoteInfo = "Stock-Liu";
		};
/* End PBXContainerItemProxy section */

/* Begin PBXFileReference section */
		FF3EF46E2AE4761400D1539F /* Stock-Liu.app */ = {isa = PBXFileReference; explicitFileType = wrapper.application; includeInIndex = 0; path = "Stock-Liu.app"; sourceTree = BUILT_PRODUCTS_DIR; };
		FF3EF4712AE4761400D1539F /* AppDelegate.swift */ = {isa = PBXFileReference; lastKnownFileType = sourcecode.swift; path = AppDelegate.swift; sourceTree = "<group>"; };
		FF3EF4732AE4761400D1539F /* SceneDelegate.swift */ = {isa = PBXFileReference; lastKnownFileType = sourcecode.swift; path = SceneDelegate.swift; sourceTree = "<group>"; };
		FF3EF4752AE4761400D1539F /* ViewController.swift */ = {isa = PBXFileReference; lastKnownFileType = sourcecode.swift; path = ViewController.swift; sourceTree = "<group>"; };
		FF3EF4782AE4761400D1539F /* Base */ = {isa = PBXFileReference; lastKnownFileType = file.storyboard; name = Base; path = Base.lproj/Main.storyboard; sourceTree = "<group>"; };
		FF3EF47B2AE4761400D1539F /* Stock_Liu.xcdatamodel */ = {isa = PBXFileReference; lastKnownFileType = wrapper.xcdatamodel; path = Stock_Liu.xcdatamodel; sourceTree = "<group>"; };
		FF3EF47D2AE4762100D1539F /* Assets.xcassets */ = {isa = PBXFileReference; lastKnownFileType = folder.assetcatalog; path = Assets.xcassets; sourceTree = "<group>"; };
		FF3EF4802AE4762100D1539F /* Base */ = {isa = PBXFileReference; lastKnownFileType = file.storyboard; name = Base; path = Base.lproj/LaunchScreen.storyboard; sourceTree = "<group>"; };
		FF3EF4822AE4762100D1539F /* Info.plist */ = {isa = PBXFileReference; lastKnownFileType = text.plist.xml; path = Info.plist; sourceTree = "<group>"; };
		FF3EF4872AE4762200D1539F /* Stock-LiuTests.xctest */ = {isa = PBXFileReference; explicitFileType = wrapper.cfbundle; includeInIndex = 0; path = "Stock-LiuTests.xctest"; sourceTree = BUILT_PRODUCTS_DIR; };
		FF3EF48B2AE4762200D1539F /* Stock_LiuTests.swift */ = {isa = PBXFileReference; lastKnownFileType = sourcecode.swift; path = Stock_LiuTests.swift; sourceTree = "<group>"; };
		FF3EF4912AE4762200D1539F /* Stock-LiuUITests.xctest */ = {isa = PBXFileReference; explicitFileType = wrapper.cfbundle; includeInIndex = 0; path = "Stock-LiuUITests.xctest"; sourceTree = BUILT_PRODUCTS_DIR; };
		FF3EF4952AE4762200D1539F /* Stock_LiuUITests.swift */ = {isa = PBXFileReference; lastKnownFileType = sourcecode.swift; path = Stock_LiuUITests.swift; sourceTree = "<group>"; };
		FF3EF4972AE4762200D1539F /* Stock_LiuUITestsLaunchTests.swift */ = {isa = PBXFileReference; lastKnownFileType = sourcecode.swift; path = Stock_LiuUITestsLaunchTests.swift; sourceTree = "<group>"; };
/* End PBXFileReference section */

/* Begin PBXFrameworksBuildPhase section */
		FF3EF46B2AE4761400D1539F /* Frameworks */ = {
			isa = PBXFrameworksBuildPhase;
			buildActionMask = 2147483647;
			files = (
			);
			runOnlyForDeploymentPostprocessing = 0;
		};
		FF3EF4842AE4762200D1539F /* Frameworks */ = {
			isa = PBXFrameworksBuildPhase;
			buildActionMask = 2147483647;
			files = (
			);
			runOnlyForDeploymentPostprocessing = 0;
		};
		FF3EF48E2AE4762200D1539F /* Frameworks */ = {
			isa = PBXFrameworksBuildPhase;
			buildActionMask = 2147483647;
			files = (
			);
			runOnlyForDeploymentPostprocessing = 0;
		};
/* End PBXFrameworksBuildPhase section */

/* Begin PBXGroup section */
		FF3EF4652AE4761400D1539F = {
			isa = PBXGroup;
			children = (
				FF3EF4702AE4761400D1539F /* Stock-Liu */,
				FF3EF48A2AE4762200D1539F /* Stock-LiuTests */,
				FF3EF4942AE4762200D1539F /* Stock-LiuUITests */,
				FF3EF46F2AE4761400D1539F /* Products */,
			);
			sourceTree = "<group>";
		};
		FF3EF46F2AE4761400D1539F /* Products */ = {
			isa = PBXGroup;
			children = (
				FF3EF46E2AE4761400D1539F /* Stock-Liu.app */,
				FF3EF4872AE4762200D1539F /* Stock-LiuTests.xctest */,
				FF3EF4912AE4762200D1539F /* Stock-LiuUITests.xctest */,
			);
			name = Products;
			sourceTree = "<group>";
		};
		FF3EF4702AE4761400D1539F /* Stock-Liu */ = {
			isa = PBXGroup;
			children = (
				FF3EF4712AE4761400D1539F /* AppDelegate.swift */,
				FF3EF4732AE4761400D1539F /* SceneDelegate.swift */,
				FF3EF4752AE4761400D1539F /* ViewController.swift */,
				FF3EF4772AE4761400D1539F /* Main.storyboard */,
				FF3EF47D2AE4762100D1539F /* Assets.xcassets */,
				FF3EF47F2AE4762100D1539F /* LaunchScreen.storyboard */,
				FF3EF4822AE4762100D1539F /* Info.plist */,
				FF3EF47A2AE4761400D1539F /* Stock_Liu.xcdatamodeld */,
			);
			path = "Stock-Liu";
			sourceTree = "<group>";
		};
		FF3EF48A2AE4762200D1539F /* Stock-LiuTests */ = {
			isa = PBXGroup;
			children = (
				FF3EF48B2AE4762200D1539F /* Stock_LiuTests.swift */,
			);
			path = "Stock-LiuTests";
			sourceTree = "<group>";
		};
		FF3EF4942AE4762200D1539F /* Stock-LiuUITests */ = {
			isa = PBXGroup;
			children = (
				FF3EF4952AE4762200D1539F /* Stock_LiuUITests.swift */,
				FF3EF4972AE4762200D1539F /* Stock_LiuUITestsLaunchTests.swift */,
			);
			path = "Stock-LiuUITests";
			sourceTree = "<group>";
		};
/* End PBXGroup section */

/* Begin PBXNativeTarget section */
		FF3EF46D2AE4761400D1539F /* Stock-Liu */ = {
			isa = PBXNativeTarget;
			buildConfigurationList = FF3EF49B2AE4762200D1539F /* Build configuration list for PBXNativeTarget "Stock-Liu" */;
			buildPhases = (
				FF3EF46A2AE4761400D1539F /* Sources */,
				FF3EF46B2AE4761400D1539F /* Frameworks */,
				FF3EF46C2AE4761400D1539F /* Resources */,
			);
			buildRules = (
			);
			dependencies = (
			);
			name = "Stock-Liu";
			productName = "Stock-Liu";
			productReference = FF3EF46E2AE4761400D1539F /* Stock-Liu.app */;
			productType = "com.apple.product-type.application";
		};
		FF3EF4862AE4762200D1539F /* Stock-LiuTests */ = {
			isa = PBXNativeTarget;
			buildConfigurationList = FF3EF49E2AE4762200D1539F /* Build configuration list for PBXNativeTarget "Stock-LiuTests" */;
			buildPhases = (
				FF3EF4832AE4762200D1539F /* Sources */,
				FF3EF4842AE4762200D1539F /* Frameworks */,
				FF3EF4852AE4762200D1539F /* Resources */,
			);
			buildRules = (
			);
			dependencies = (
				FF3EF4892AE4762200D1539F /* PBXTargetDependency */,
			);
			name = "Stock-LiuTests";
			productName = "Stock-LiuTests";
			productReference = FF3EF4872AE4762200D1539F /* Stock-LiuTests.xctest */;
			productType = "com.apple.product-type.bundle.unit-test";
		};
		FF3EF4902AE4762200D1539F /* Stock-LiuUITests */ = {
			isa = PBXNativeTarget;
			buildConfigurationList = FF3EF4A12AE4762200D1539F /* Build configuration list for PBXNativeTarget "Stock-LiuUITests" */;
			buildPhases = (
				FF3EF48D2AE4762200D1539F /* Sources */,
				FF3EF48E2AE4762200D1539F /* Frameworks */,
				FF3EF48F2AE4762200D1539F /* Resources */,
			);
			buildRules = (
			);
			dependencies = (
				FF3EF4932AE4762200D1539F /* PBXTargetDependency */,
			);
			name = "Stock-LiuUITests";
			productName = "Stock-LiuUITests";
			productReference = FF3EF4912AE4762200D1539F /* Stock-LiuUITests.xctest */;
			productType = "com.apple.product-type.bundle.ui-testing";
		};
/* End PBXNativeTarget section */

/* Begin PBXProject section */
		FF3EF4662AE4761400D1539F /* Project object */ = {
			isa = PBXProject;
			attributes = {
				BuildIndependentTargetsInParallel = 1;
				LastSwiftUpdateCheck = 1500;
				LastUpgradeCheck = 1500;
				TargetAttributes = {
					FF3EF46D2AE4761400D1539F = {
						CreatedOnToolsVersion = 15.0;
					};
					FF3EF4862AE4762200D1539F = {
						CreatedOnToolsVersion = 15.0;
						TestTargetID = FF3EF46D2AE4761400D1539F;
					};
					FF3EF4902AE4762200D1539F = {
						CreatedOnToolsVersion = 15.0;
						TestTargetID = FF3EF46D2AE4761400D1539F;
					};
				};
			};
			buildConfigurationList = FF3EF4692AE4761400D1539F /* Build configuration list for PBXProject "Stock-Liu" */;
			compatibilityVersion = "Xcode 14.0";
			developmentRegion = en;
			hasScannedForEncodings = 0;
			knownRegions = (
				en,
				Base,
			);
			mainGroup = FF3EF4652AE4761400D1539F;
			productRefGroup = FF3EF46F2AE4761400D1539F /* Products */;
			projectDirPath = "";
			projectRoot = "";
			targets = (
				FF3EF46D2AE4761400D1539F /* Stock-Liu */,
				FF3EF4862AE4762200D1539F /* Stock-LiuTests */,
				FF3EF4902AE4762200D1539F /* Stock-LiuUITests */,
			);
		};
/* End PBXProject section */

/* Begin PBXResourcesBuildPhase section */
		FF3EF46C2AE4761400D1539F /* Resources */ = {
			isa = PBXResourcesBuildPhase;
			buildActionMask = 2147483647;
			files = (
				FF3EF4812AE4762100D1539F /* LaunchScreen.storyboard in Resources */,
				FF3EF47E2AE4762100D1539F /* Assets.xcassets in Resources */,
				FF3EF4792AE4761400D1539F /* Main.storyboard in Resources */,
			);
			runOnlyForDeploymentPostprocessing = 0;
		};
		FF3EF4852AE4762200D1539F /* Resources */ = {
			isa = PBXResourcesBuildPhase;
			buildActionMask = 2147483647;
			files = (
			);
			runOnlyForDeploymentPostprocessing = 0;
		};
		FF3EF48F2AE4762200D1539F /* Resources */ = {
			isa = PBXResourcesBuildPhase;
			buildActionMask = 2147483647;
			files = (
			);
			runOnlyForDeploymentPostprocessing = 0;
		};
/* End PBXResourcesBuildPhase section */

/* Begin PBXSourcesBuildPhase section */
		FF3EF46A2AE4761400D1539F /* Sources */ = {
			isa = PBXSourcesBuildPhase;
			buildActionMask = 2147483647;
			files = (
				FF3EF4762AE4761400D1539F /* ViewController.swift in Sources */,
				FF3EF4722AE4761400D1539F /* AppDelegate.swift in Sources */,
				FF3EF4742AE4761400D1539F /* SceneDelegate.swift in Sources */,
				FF3EF47C2AE4761400D1539F /* Stock_Liu.xcdatamodeld in Sources */,
			);
			runOnlyForDeploymentPostprocessing = 0;
		};
		FF3EF4832AE4762200D1539F /* Sources */ = {
			isa = PBXSourcesBuildPhase;
			buildActionMask = 2147483647;
			files = (
				FF3EF48C2AE4762200D1539F /* Stock_LiuTests.swift in Sources */,
			);
			runOnlyForDeploymentPostprocessing = 0;
		};
		FF3EF48D2AE4762200D1539F /* Sources */ = {
			isa = PBXSourcesBuildPhase;
			buildActionMask = 2147483647;
			files = (
				FF3EF4982AE4762200D1539F /* Stock_LiuUITestsLaunchTests.swift in Sources */,
				FF3EF4962AE4762200D1539F /* Stock_LiuUITests.swift in Sources */,
			);
			runOnlyForDeploymentPostprocessing = 0;
		};
/* End PBXSourcesBuildPhase section */

/* Begin PBXTargetDependency section */
		FF3EF4892AE4762200D1539F /* PBXTargetDependency */ = {
			isa = PBXTargetDependency;
			target = FF3EF46D2AE4761400D1539F /* Stock-Liu */;
			targetProxy = FF3EF4882AE4762200D1539F /* PBXContainerItemProxy */;
		};
		FF3EF4932AE4762200D1539F /* PBXTargetDependency */ = {
			isa = PBXTargetDependency;
			target = FF3EF46D2AE4761400D1539F /* Stock-Liu */;
			targetProxy = FF3EF4922AE4762200D1539F /* PBXContainerItemProxy */;
		};
/* End PBXTargetDependency section */

/* Begin PBXVariantGroup section */
		FF3EF4772AE4761400D1539F /* Main.storyboard */ = {
			isa = PBXVariantGroup;
			children = (
				FF3EF4782AE4761400D1539F /* Base */,
			);
			name = Main.storyboard;
			sourceTree = "<group>";
		};
		FF3EF47F2AE4762100D1539F /* LaunchScreen.storyboard */ = {
			isa = PBXVariantGroup;
			children = (
				FF3EF4802AE4762100D1539F /* Base */,
			);
			name = LaunchScreen.storyboard;
			sourceTree = "<group>";
		};
/* End PBXVariantGroup section */

/* Begin XCBuildConfiguration section */
		FF3EF4992AE4762200D1539F /* Debug */ = {
			isa = XCBuildConfiguration;
			buildSettings = {
				ALWAYS_SEARCH_USER_PATHS = NO;
				ASSETCATALOG_COMPILER_GENERATE_SWIFT_ASSET_SYMBOL_EXTENSIONS = YES;
				CLANG_ANALYZER_NONNULL = YES;
				CLANG_ANALYZER_NUMBER_OBJECT_CONVERSION = YES_AGGRESSIVE;
				CLANG_CXX_LANGUAGE_STANDARD = "gnu++20";
				CLANG_ENABLE_MODULES = YES;
				CLANG_ENABLE_OBJC_ARC = YES;
				CLANG_ENABLE_OBJC_WEAK = YES;
				CLANG_WARN_BLOCK_CAPTURE_AUTORELEASING = YES;
				CLANG_WARN_BOOL_CONVERSION = YES;
				CLANG_WARN_COMMA = YES;
				CLANG_WARN_CONSTANT_CONVERSION = YES;
				CLANG_WARN_DEPRECATED_OBJC_IMPLEMENTATIONS = YES;
				CLANG_WARN_DIRECT_OBJC_ISA_USAGE = YES_ERROR;
				CLANG_WARN_DOCUMENTATION_COMMENTS = YES;
				CLANG_WARN_EMPTY_BODY = YES;
				CLANG_WARN_ENUM_CONVERSION = YES;
				CLANG_WARN_INFINITE_RECURSION = YES;
				CLANG_WARN_INT_CONVERSION = YES;
				CLANG_WARN_NON_LITERAL_NULL_CONVERSION = YES;
				CLANG_WARN_OBJC_IMPLICIT_RETAIN_SELF = YES;
				CLANG_WARN_OBJC_LITERAL_CONVERSION = YES;
				CLANG_WARN_OBJC_ROOT_CLASS = YES_ERROR;
				CLANG_WARN_QUOTED_INCLUDE_IN_FRAMEWORK_HEADER = YES;
				CLANG_WARN_RANGE_LOOP_ANALYSIS = YES;
				CLANG_WARN_STRICT_PROTOTYPES = YES;
				CLANG_WARN_SUSPICIOUS_MOVE = YES;
				CLANG_WARN_UNGUARDED_AVAILABILITY = YES_AGGRESSIVE;
				CLANG_WARN_UNREACHABLE_CODE = YES;
				CLANG_WARN__DUPLICATE_METHOD_MATCH = YES;
				COPY_PHASE_STRIP = NO;
				DEBUG_INFORMATION_FORMAT = dwarf;
				ENABLE_STRICT_OBJC_MSGSEND = YES;
				ENABLE_TESTABILITY = YES;
				ENABLE_USER_SCRIPT_SANDBOXING = YES;
				GCC_C_LANGUAGE_STANDARD = gnu17;
				GCC_DYNAMIC_NO_PIC = NO;
				GCC_NO_COMMON_BLOCKS = YES;
				GCC_OPTIMIZATION_LEVEL = 0;
				GCC_PREPROCESSOR_DEFINITIONS = (
					"DEBUG=1",
					"$(inherited)",
				);
				GCC_WARN_64_TO_32_BIT_CONVERSION = YES;
				GCC_WARN_ABOUT_RETURN_TYPE = YES_ERROR;
				GCC_WARN_UNDECLARED_SELECTOR = YES;
				GCC_WARN_UNINITIALIZED_AUTOS = YES_AGGRESSIVE;
				GCC_WARN_UNUSED_FUNCTION = YES;
				GCC_WARN_UNUSED_VARIABLE = YES;
				IPHONEOS_DEPLOYMENT_TARGET = 17.0;
				LOCALIZATION_PREFERS_STRING_CATALOGS = YES;
				MTL_ENABLE_DEBUG_INFO = INCLUDE_SOURCE;
				MTL_FAST_MATH = YES;
				ONLY_ACTIVE_ARCH = YES;
				SDKROOT = iphoneos;
				SWIFT_ACTIVE_COMPILATION_CONDITIONS = "DEBUG $(inherited)";
				SWIFT_OPTIMIZATION_LEVEL = "-Onone";
			};
			name = Debug;
		};
		FF3EF49A2AE4762200D1539F /* Release */ = {
			isa = XCBuildConfiguration;
			buildSettings = {
				ALWAYS_SEARCH_USER_PATHS = NO;
				ASSETCATALOG_COMPILER_GENERATE_SWIFT_ASSET_SYMBOL_EXTENSIONS = YES;
				CLANG_ANALYZER_NONNULL = YES;
				CLANG_ANALYZER_NUMBER_OBJECT_CONVERSION = YES_AGGRESSIVE;
				CLANG_CXX_LANGUAGE_STANDARD = "gnu++20";
				CLANG_ENABLE_MODULES = YES;
				CLANG_ENABLE_OBJC_ARC = YES;
				CLANG_ENABLE_OBJC_WEAK = YES;
				CLANG_WARN_BLOCK_CAPTURE_AUTORELEASING = YES;
				CLANG_WARN_BOOL_CONVERSION = YES;
				CLANG_WARN_COMMA = YES;
				CLANG_WARN_CONSTANT_CONVERSION = YES;
				CLANG_WARN_DEPRECATED_OBJC_IMPLEMENTATIONS = YES;
				CLANG_WARN_DIRECT_OBJC_ISA_USAGE = YES_ERROR;
				CLANG_WARN_DOCUMENTATION_COMMENTS = YES;
				CLANG_WARN_EMPTY_BODY = YES;
				CLANG_WARN_ENUM_CONVERSION = YES;
				CLANG_WARN_INFINITE_RECURSION = YES;
				CLANG_WARN_INT_CONVERSION = YES;
				CLANG_WARN_NON_LITERAL_NULL_CONVERSION = YES;
				CLANG_WARN_OBJC_IMPLICIT_RETAIN_SELF = YES;
				CLANG_WARN_OBJC_LITERAL_CONVERSION = YES;
				CLANG_WARN_OBJC_ROOT_CLASS = YES_ERROR;
				CLANG_WARN_QUOTED_INCLUDE_IN_FRAMEWORK_HEADER = YES;
				CLANG_WARN_RANGE_LOOP_ANALYSIS = YES;
				CLANG_WARN_STRICT_PROTOTYPES = YES;
				CLANG_WARN_SUSPICIOUS_MOVE = YES;
				CLANG_WARN_UNGUARDED_AVAILABILITY = YES_AGGRESSIVE;
				CLANG_WARN_UNREACHABLE_CODE = YES;
				CLANG_WARN__DUPLICATE_METHOD_MATCH = YES;
				COPY_PHASE_STRIP = NO;
				DEBUG_INFORMATION_FORMAT = "dwarf-with-dsym";
				ENABLE_NS_ASSERTIONS = NO;
				ENABLE_STRICT_OBJC_MSGSEND = YES;
				ENABLE_USER_SCRIPT_SANDBOXING = YES;
				GCC_C_LANGUAGE_STANDARD = gnu17;
				GCC_NO_COMMON_BLOCKS = YES;
				GCC_WARN_64_TO_32_BIT_CONVERSION = YES;
				GCC_WARN_ABOUT_RETURN_TYPE = YES_ERROR;
				GCC_WARN_UNDECLARED_SELECTOR = YES;
				GCC_WARN_UNINITIALIZED_AUTOS = YES_AGGRESSIVE;
				GCC_WARN_UNUSED_FUNCTION = YES;
				GCC_WARN_UNUSED_VARIABLE = YES;
				IPHONEOS_DEPLOYMENT_TARGET = 17.0;
				LOCALIZATION_PREFERS_STRING_CATALOGS = YES;
				MTL_ENABLE_DEBUG_INFO = NO;
				MTL_FAST_MATH = YES;
				SDKROOT = iphoneos;
				SWIFT_COMPILATION_MODE = wholemodule;
				VALIDATE_PRODUCT = YES;
			};
			name = Release;
		};
		FF3EF49C2AE4762200D1539F /* Debug */ = {
			isa = XCBuildConfiguration;
			buildSettings = {
				ASSETCATALOG_COMPILER_APPICON_NAME = AppIcon;
				ASSETCATALOG_COMPILER_GLOBAL_ACCENT_COLOR_NAME = AccentColor;
				CODE_SIGN_STYLE = Automatic;
				CURRENT_PROJECT_VERSION = 1;
				DEVELOPMENT_TEAM = A7B6LRM27P;
				GENERATE_INFOPLIST_FILE = YES;
				INFOPLIST_FILE = "Stock-Liu/Info.plist";
				INFOPLIST_KEY_UIApplicationSupportsIndirectInputEvents = YES;
				INFOPLIST_KEY_UILaunchStoryboardName = LaunchScreen;
				INFOPLIST_KEY_UIMainStoryboardFile = Main;
				INFOPLIST_KEY_UISupportedInterfaceOrientations_iPad = "UIInterfaceOrientationPortrait UIInterfaceOrientationPortraitUpsideDown UIInterfaceOrientationLandscapeLeft UIInterfaceOrientationLandscapeRight";
				INFOPLIST_KEY_UISupportedInterfaceOrientations_iPhone = "UIInterfaceOrientationPortrait UIInterfaceOrientationLandscapeLeft UIInterfaceOrientationLandscapeRight";
				LD_RUNPATH_SEARCH_PATHS = (
					"$(inherited)",
					"@executable_path/Frameworks",
				);
				MARKETING_VERSION = 1.0;
				PRODUCT_BUNDLE_IDENTIFIER = "liustation.Stock-Liu";
				PRODUCT_NAME = "$(TARGET_NAME)";
				SWIFT_EMIT_LOC_STRINGS = YES;
				SWIFT_VERSION = 5.0;
				TARGETED_DEVICE_FAMILY = "1,2";
			};
			name = Debug;
		};
		FF3EF49D2AE4762200D1539F /* Release */ = {
			isa = XCBuildConfiguration;
			buildSettings = {
				ASSETCATALOG_COMPILER_APPICON_NAME = AppIcon;
				ASSETCATALOG_COMPILER_GLOBAL_ACCENT_COLOR_NAME = AccentColor;
				CODE_SIGN_STYLE = Automatic;
				CURRENT_PROJECT_VERSION = 1;
				DEVELOPMENT_TEAM = A7B6LRM27P;
				GENERATE_INFOPLIST_FILE = YES;
				INFOPLIST_FILE = "Stock-Liu/Info.plist";
				INFOPLIST_KEY_UIApplicationSupportsIndirectInputEvents = YES;
				INFOPLIST_KEY_UILaunchStoryboardName = LaunchScreen;
				INFOPLIST_KEY_UIMainStoryboardFile = Main;
				INFOPLIST_KEY_UISupportedInterfaceOrientations_iPad = "UIInterfaceOrientationPortrait UIInterfaceOrientationPortraitUpsideDown UIInterfaceOrientationLandscapeLeft UIInterfaceOrientationLandscapeRight";
				INFOPLIST_KEY_UISupportedInterfaceOrientations_iPhone = "UIInterfaceOrientationPortrait UIInterfaceOrientationLandscapeLeft UIInterfaceOrientationLandscapeRight";
				LD_RUNPATH_SEARCH_PATHS = (
					"$(inherited)",
					"@executable_path/Frameworks",
				);
				MARKETING_VERSION = 1.0;
				PRODUCT_BUNDLE_IDENTIFIER = "liustation.Stock-Liu";
				PRODUCT_NAME = "$(TARGET_NAME)";
				SWIFT_EMIT_LOC_STRINGS = YES;
				SWIFT_VERSION = 5.0;
				TARGETED_DEVICE_FAMILY = "1,2";
			};
			name = Release;
		};
		FF3EF49F2AE4762200D1539F /* Debug */ = {
			isa = XCBuildConfiguration;
			buildSettings = {
				ALWAYS_EMBED_SWIFT_STANDARD_LIBRARIES = YES;
				BUNDLE_LOADER = "$(TEST_HOST)";
				CODE_SIGN_STYLE = Automatic;
				CURRENT_PROJECT_VERSION = 1;
				DEVELOPMENT_TEAM = A7B6LRM27P;
				GENERATE_INFOPLIST_FILE = YES;
				IPHONEOS_DEPLOYMENT_TARGET = 17.0;
				MARKETING_VERSION = 1.0;
				PRODUCT_BUNDLE_IDENTIFIER = "liustation.Stock-LiuTests";
				PRODUCT_NAME = "$(TARGET_NAME)";
				SWIFT_EMIT_LOC_STRINGS = NO;
				SWIFT_VERSION = 5.0;
				TARGETED_DEVICE_FAMILY = "1,2";
				TEST_HOST = "$(BUILT_PRODUCTS_DIR)/Stock-Liu.app/$(BUNDLE_EXECUTABLE_FOLDER_PATH)/Stock-Liu";
			};
			name = Debug;
		};
		FF3EF4A02AE4762200D1539F /* Release */ = {
			isa = XCBuildConfiguration;
			buildSettings = {
				ALWAYS_EMBED_SWIFT_STANDARD_LIBRARIES = YES;
				BUNDLE_LOADER = "$(TEST_HOST)";
				CODE_SIGN_STYLE = Automatic;
				CURRENT_PROJECT_VERSION = 1;
				DEVELOPMENT_TEAM = A7B6LRM27P;
				GENERATE_INFOPLIST_FILE = YES;
				IPHONEOS_DEPLOYMENT_TARGET = 17.0;
				MARKETING_VERSION = 1.0;
				PRODUCT_BUNDLE_IDENTIFIER = "liustation.Stock-LiuTests";
				PRODUCT_NAME = "$(TARGET_NAME)";
				SWIFT_EMIT_LOC_STRINGS = NO;
				SWIFT_VERSION = 5.0;
				TARGETED_DEVICE_FAMILY = "1,2";
				TEST_HOST = "$(BUILT_PRODUCTS_DIR)/Stock-Liu.app/$(BUNDLE_EXECUTABLE_FOLDER_PATH)/Stock-Liu";
			};
			name = Release;
		};
		FF3EF4A22AE4762200D1539F /* Debug */ = {
			isa = XCBuildConfiguration;
			buildSettings = {
				ALWAYS_EMBED_SWIFT_STANDARD_LIBRARIES = YES;
				CODE_SIGN_STYLE = Automatic;
				CURRENT_PROJECT_VERSION = 1;
				DEVELOPMENT_TEAM = A7B6LRM27P;
				GENERATE_INFOPLIST_FILE = YES;
				MARKETING_VERSION = 1.0;
				PRODUCT_BUNDLE_IDENTIFIER = "liustation.Stock-LiuUITests";
				PRODUCT_NAME = "$(TARGET_NAME)";
				SWIFT_EMIT_LOC_STRINGS = NO;
				SWIFT_VERSION = 5.0;
				TARGETED_DEVICE_FAMILY = "1,2";
				TEST_TARGET_NAME = "Stock-Liu";
			};
			name = Debug;
		};
		FF3EF4A32AE4762200D1539F /* Release */ = {
			isa = XCBuildConfiguration;
			buildSettings = {
				ALWAYS_EMBED_SWIFT_STANDARD_LIBRARIES = YES;
				CODE_SIGN_STYLE = Automatic;
				CURRENT_PROJECT_VERSION = 1;
				DEVELOPMENT_TEAM = A7B6LRM27P;
				GENERATE_INFOPLIST_FILE = YES;
				MARKETING_VERSION = 1.0;
				PRODUCT_BUNDLE_IDENTIFIER = "liustation.Stock-LiuUITests";
				PRODUCT_NAME = "$(TARGET_NAME)";
				SWIFT_EMIT_LOC_STRINGS = NO;
				SWIFT_VERSION = 5.0;
				TARGETED_DEVICE_FAMILY = "1,2";
				TEST_TARGET_NAME = "Stock-Liu";
			};
			name = Release;
		};
/* End XCBuildConfiguration section */

/* Begin XCConfigurationList section */
		FF3EF4692AE4761400D1539F /* Build configuration list for PBXProject "Stock-Liu" */ = {
			isa = XCConfigurationList;
			buildConfigurations = (
				FF3EF4992AE4762200D1539F /* Debug */,
				FF3EF49A2AE4762200D1539F /* Release */,
			);
			defaultConfigurationIsVisible = 0;
			defaultConfigurationName = Release;
		};
		FF3EF49B2AE4762200D1539F /* Build configuration list for PBXNativeTarget "Stock-Liu" */ = {
			isa = XCConfigurationList;
			buildConfigurations = (
				FF3EF49C2AE4762200D1539F /* Debug */,
				FF3EF49D2AE4762200D1539F /* Release */,
			);
			defaultConfigurationIsVisible = 0;
			defaultConfigurationName = Release;
		};
		FF3EF49E2AE4762200D1539F /* Build configuration list for PBXNativeTarget "Stock-LiuTests" */ = {
			isa = XCConfigurationList;
			buildConfigurations = (
				FF3EF49F2AE4762200D1539F /* Debug */,
				FF3EF4A02AE4762200D1539F /* Release */,
			);
			defaultConfigurationIsVisible = 0;
			defaultConfigurationName = Release;
		};
		FF3EF4A12AE4762200D1539F /* Build configuration list for PBXNativeTarget "Stock-LiuUITests" */ = {
			isa = XCConfigurationList;
			buildConfigurations = (
				FF3EF4A22AE4762200D1539F /* Debug */,
				FF3EF4A32AE4762200D1539F /* Release */,
			);
			defaultConfigurationIsVisible = 0;
			defaultConfigurationName = Release;
		};
/* End XCConfigurationList section */

/* Begin XCVersionGroup section */
		FF3EF47A2AE4761400D1539F /* Stock_Liu.xcdatamodeld */ = {
			isa = XCVersionGroup;
			children = (
				FF3EF47B2AE4761400D1539F /* Stock_Liu.xcdatamodel */,
			);
			currentVersion = FF3EF47B2AE4761400D1539F /* Stock_Liu.xcdatamodel */;
			path = Stock_Liu.xcdatamodeld;
			sourceTree = "<group>";
			versionGroupType = wrapper.xcdatamodel;
		};
/* End XCVersionGroup section */
	};
	rootObject = FF3EF4662AE4761400D1539F /* Project object */;
}
